// !$*UTF8*$!
{
	archiveVersion = 1;
	classes = {
	};
	objectVersion = 56;
	objects = {

/* Begin PBXBuildFile section */
		84AB8ED82C5D5B9700D02602 /* APIConstants.swift in Sources */ = {isa = PBXBuildFile; fileRef = 84AB8ED72C5D5B9700D02602 /* APIConstants.swift */; };
		84AB8EDB2C5D5DBD00D02602 /* NetworkError.swift in Sources */ = {isa = PBXBuildFile; fileRef = 84AB8EDA2C5D5DBD00D02602 /* NetworkError.swift */; };
		84AB8EDF2C5D624C00D02602 /* ViewController.swift in Sources */ = {isa = PBXBuildFile; fileRef = 84AB8EDE2C5D624C00D02602 /* ViewController.swift */; };
		84AB8F182C5D742B00D02602 /* CompanionApp.swift in Sources */ = {isa = PBXBuildFile; fileRef = 84AB8F172C5D742B00D02602 /* CompanionApp.swift */; };
		84AB8F1E2C5D764D00D02602 /* SpotifyLogin.swift in Sources */ = {isa = PBXBuildFile; fileRef = 84AB8F1D2C5D764D00D02602 /* SpotifyLogin.swift */; };
		84AB8F202C5D7D3700D02602 /* APIService.swift in Sources */ = {isa = PBXBuildFile; fileRef = 84AB8F1F2C5D7D3700D02602 /* APIService.swift */; };
		84BAADD72C542F6C00BF56A8 /* Assets.xcassets in Resources */ = {isa = PBXBuildFile; fileRef = 84BAADD62C542F6C00BF56A8 /* Assets.xcassets */; };
		84BAADDA2C542F6C00BF56A8 /* Preview Assets.xcassets in Resources */ = {isa = PBXBuildFile; fileRef = 84BAADD92C542F6C00BF56A8 /* Preview Assets.xcassets */; };
		84BD265C2C5AC7790092244B /* ContentView.swift in Sources */ = {isa = PBXBuildFile; fileRef = 84BAADD42C542F6900BF56A8 /* ContentView.swift */; };
/* End PBXBuildFile section */

/* Begin PBXCopyFilesBuildPhase section */
		843312212C5C370100B32D73 /* Embed Frameworks */ = {
			isa = PBXCopyFilesBuildPhase;
			buildActionMask = 2147483647;
			dstPath = "";
			dstSubfolderSpec = 10;
			files = (
			);
			name = "Embed Frameworks";
			runOnlyForDeploymentPostprocessing = 0;
		};
/* End PBXCopyFilesBuildPhase section */

/* Begin PBXFileReference section */
		84AB8ED72C5D5B9700D02602 /* APIConstants.swift */ = {isa = PBXFileReference; lastKnownFileType = sourcecode.swift; path = APIConstants.swift; sourceTree = "<group>"; };
		84AB8EDA2C5D5DBD00D02602 /* NetworkError.swift */ = {isa = PBXFileReference; lastKnownFileType = sourcecode.swift; path = NetworkError.swift; sourceTree = "<group>"; };
		84AB8EDE2C5D624C00D02602 /* ViewController.swift */ = {isa = PBXFileReference; lastKnownFileType = sourcecode.swift; path = ViewController.swift; sourceTree = "<group>"; };
		84AB8F172C5D742B00D02602 /* CompanionApp.swift */ = {isa = PBXFileReference; fileEncoding = 4; lastKnownFileType = sourcecode.swift; path = CompanionApp.swift; sourceTree = "<group>"; };
		84AB8F1D2C5D764D00D02602 /* SpotifyLogin.swift */ = {isa = PBXFileReference; lastKnownFileType = sourcecode.swift; path = SpotifyLogin.swift; sourceTree = "<group>"; };
		84AB8F1F2C5D7D3700D02602 /* APIService.swift */ = {isa = PBXFileReference; lastKnownFileType = sourcecode.swift; path = APIService.swift; sourceTree = "<group>"; };
		84BAADCF2C542F6900BF56A8 /* Companion.app */ = {isa = PBXFileReference; explicitFileType = wrapper.application; includeInIndex = 0; path = Companion.app; sourceTree = BUILT_PRODUCTS_DIR; };
		84BAADD42C542F6900BF56A8 /* ContentView.swift */ = {isa = PBXFileReference; lastKnownFileType = sourcecode.swift; name = ContentView.swift; path = Companion/Views/ContentView.swift; sourceTree = SOURCE_ROOT; };
		84BAADD62C542F6C00BF56A8 /* Assets.xcassets */ = {isa = PBXFileReference; lastKnownFileType = folder.assetcatalog; name = Assets.xcassets; path = Companion/Resources/Assets.xcassets; sourceTree = SOURCE_ROOT; };
		84BAADD92C542F6C00BF56A8 /* Preview Assets.xcassets */ = {isa = PBXFileReference; lastKnownFileType = folder.assetcatalog; path = "Preview Assets.xcassets"; sourceTree = "<group>"; };
/* End PBXFileReference section */

/* Begin PBXFrameworksBuildPhase section */
		84BAADCC2C542F6900BF56A8 /* Frameworks */ = {
			isa = PBXFrameworksBuildPhase;
			buildActionMask = 2147483647;
			files = (
			);
			runOnlyForDeploymentPostprocessing = 0;
		};
/* End PBXFrameworksBuildPhase section */

/* Begin PBXGroup section */
		84AB8ED92C5D5DA700D02602 /* ErrorHandling */ = {
			isa = PBXGroup;
			children = (
				84AB8EDA2C5D5DBD00D02602 /* NetworkError.swift */,
			);
			path = ErrorHandling;
			sourceTree = "<group>";
		};
		84BAADC62C542F6900BF56A8 = {
			isa = PBXGroup;
			children = (
				84BAADD12C542F6900BF56A8 /* Companion */,
				84BAADD02C542F6900BF56A8 /* Products */,
			);
			sourceTree = "<group>";
		};
		84BAADD02C542F6900BF56A8 /* Products */ = {
			isa = PBXGroup;
			children = (
				84BAADCF2C542F6900BF56A8 /* Companion.app */,
			);
			name = Products;
			sourceTree = "<group>";
		};
		84BAADD12C542F6900BF56A8 /* Companion */ = {
			isa = PBXGroup;
			children = (
				84AB8ED92C5D5DA700D02602 /* ErrorHandling */,
				84BAADD82C542F6C00BF56A8 /* Preview Content */,
				84BD265B2C5AC4D30092244B /* Resources */,
				84BD265A2C5AC4CC0092244B /* Views */,
				84BD26562C5AC4900092244B /* Controllers */,
			);
			path = Companion;
			sourceTree = "<group>";
		};
		84BAADD82C542F6C00BF56A8 /* Preview Content */ = {
			isa = PBXGroup;
			children = (
				84BAADD92C542F6C00BF56A8 /* Preview Assets.xcassets */,
			);
			name = "Preview Content";
			path = "Companion/Preview Content";
			sourceTree = SOURCE_ROOT;
		};
		84BD26562C5AC4900092244B /* Controllers */ = {
			isa = PBXGroup;
			children = (
				84AB8F172C5D742B00D02602 /* CompanionApp.swift */,
				84AB8EDE2C5D624C00D02602 /* ViewController.swift */,
				84AB8F1D2C5D764D00D02602 /* SpotifyLogin.swift */,
				84AB8F1F2C5D7D3700D02602 /* APIService.swift */,
			);
			path = Controllers;
			sourceTree = "<group>";
		};
		84BD265A2C5AC4CC0092244B /* Views */ = {
			isa = PBXGroup;
			children = (
				84BAADD42C542F6900BF56A8 /* ContentView.swift */,
			);
			name = Views;
			path = Companion/Views;
			sourceTree = SOURCE_ROOT;
		};
		84BD265B2C5AC4D30092244B /* Resources */ = {
			isa = PBXGroup;
			children = (
				84BAADD62C542F6C00BF56A8 /* Assets.xcassets */,
				84AB8ED72C5D5B9700D02602 /* APIConstants.swift */,
			);
			path = Resources;
			sourceTree = "<group>";
		};
/* End PBXGroup section */

/* Begin PBXNativeTarget section */
		84BAADCE2C542F6900BF56A8 /* Companion */ = {
			isa = PBXNativeTarget;
			buildConfigurationList = 84BAADDD2C542F6C00BF56A8 /* Build configuration list for PBXNativeTarget "Companion" */;
			buildPhases = (
				84BAADCB2C542F6900BF56A8 /* Sources */,
				84BAADCC2C542F6900BF56A8 /* Frameworks */,
				84BAADCD2C542F6900BF56A8 /* Resources */,
				843312212C5C370100B32D73 /* Embed Frameworks */,
			);
			buildRules = (
			);
			dependencies = (
			);
			name = Companion;
			productName = Companion;
			productReference = 84BAADCF2C542F6900BF56A8 /* Companion.app */;
			productType = "com.apple.product-type.application";
		};
/* End PBXNativeTarget section */

/* Begin PBXProject section */
		84BAADC72C542F6900BF56A8 /* Project object */ = {
			isa = PBXProject;
			attributes = {
				BuildIndependentTargetsInParallel = 1;
				LastSwiftUpdateCheck = 1540;
				LastUpgradeCheck = 1540;
				TargetAttributes = {
					84BAADCE2C542F6900BF56A8 = {
						CreatedOnToolsVersion = 15.4;
						LastSwiftMigration = 1540;
					};
				};
			};
			buildConfigurationList = 84BAADCA2C542F6900BF56A8 /* Build configuration list for PBXProject "Companion" */;
			compatibilityVersion = "Xcode 14.0";
			developmentRegion = en;
			hasScannedForEncodings = 0;
			knownRegions = (
				en,
				Base,
			);
			mainGroup = 84BAADC62C542F6900BF56A8;
			productRefGroup = 84BAADD02C542F6900BF56A8 /* Products */;
			projectDirPath = "";
			projectRoot = "";
			targets = (
				84BAADCE2C542F6900BF56A8 /* Companion */,
			);
		};
/* End PBXProject section */

/* Begin PBXResourcesBuildPhase section */
		84BAADCD2C542F6900BF56A8 /* Resources */ = {
			isa = PBXResourcesBuildPhase;
			buildActionMask = 2147483647;
			files = (
				84BAADDA2C542F6C00BF56A8 /* Preview Assets.xcassets in Resources */,
				84BAADD72C542F6C00BF56A8 /* Assets.xcassets in Resources */,
			);
			runOnlyForDeploymentPostprocessing = 0;
		};
/* End PBXResourcesBuildPhase section */

/* Begin PBXSourcesBuildPhase section */
		84BAADCB2C542F6900BF56A8 /* Sources */ = {
			isa = PBXSourcesBuildPhase;
			buildActionMask = 2147483647;
			files = (
				84AB8EDF2C5D624C00D02602 /* ViewController.swift in Sources */,
				84AB8F202C5D7D3700D02602 /* APIService.swift in Sources */,
				84AB8EDB2C5D5DBD00D02602 /* NetworkError.swift in Sources */,
				84BD265C2C5AC7790092244B /* ContentView.swift in Sources */,
				84AB8ED82C5D5B9700D02602 /* APIConstants.swift in Sources */,
				84AB8F1E2C5D764D00D02602 /* SpotifyLogin.swift in Sources */,
				84AB8F182C5D742B00D02602 /* CompanionApp.swift in Sources */,
			);
			runOnlyForDeploymentPostprocessing = 0;
		};
/* End PBXSourcesBuildPhase section */

/* Begin XCBuildConfiguration section */
		84BAADDB2C542F6C00BF56A8 /* Debug */ = {
			isa = XCBuildConfiguration;
			buildSettings = {
				ALWAYS_SEARCH_USER_PATHS = NO;
				ASSETCATALOG_COMPILER_GENERATE_SWIFT_ASSET_SYMBOL_EXTENSIONS = YES;
				CLANG_ANALYZER_NONNULL = YES;
				CLANG_ANALYZER_NUMBER_OBJECT_CONVERSION = YES_AGGRESSIVE;
				CLANG_CXX_LANGUAGE_STANDARD = "gnu++20";
				CLANG_ENABLE_MODULES = YES;
				CLANG_ENABLE_OBJC_ARC = YES;
				CLANG_ENABLE_OBJC_WEAK = YES;
				CLANG_WARN_BLOCK_CAPTURE_AUTORELEASING = YES;
				CLANG_WARN_BOOL_CONVERSION = YES;
				CLANG_WARN_COMMA = YES;
				CLANG_WARN_CONSTANT_CONVERSION = YES;
				CLANG_WARN_DEPRECATED_OBJC_IMPLEMENTATIONS = YES;
				CLANG_WARN_DIRECT_OBJC_ISA_USAGE = YES_ERROR;
				CLANG_WARN_DOCUMENTATION_COMMENTS = YES;
				CLANG_WARN_EMPTY_BODY = YES;
				CLANG_WARN_ENUM_CONVERSION = YES;
				CLANG_WARN_INFINITE_RECURSION = YES;
				CLANG_WARN_INT_CONVERSION = YES;
				CLANG_WARN_NON_LITERAL_NULL_CONVERSION = YES;
				CLANG_WARN_OBJC_IMPLICIT_RETAIN_SELF = YES;
				CLANG_WARN_OBJC_LITERAL_CONVERSION = YES;
				CLANG_WARN_OBJC_ROOT_CLASS = YES_ERROR;
				CLANG_WARN_QUOTED_INCLUDE_IN_FRAMEWORK_HEADER = YES;
				CLANG_WARN_RANGE_LOOP_ANALYSIS = YES;
				CLANG_WARN_STRICT_PROTOTYPES = YES;
				CLANG_WARN_SUSPICIOUS_MOVE = YES;
				CLANG_WARN_UNGUARDED_AVAILABILITY = YES_AGGRESSIVE;
				CLANG_WARN_UNREACHABLE_CODE = YES;
				CLANG_WARN__DUPLICATE_METHOD_MATCH = YES;
				COPY_PHASE_STRIP = NO;
				DEBUG_INFORMATION_FORMAT = dwarf;
				ENABLE_STRICT_OBJC_MSGSEND = YES;
				ENABLE_TESTABILITY = YES;
				ENABLE_USER_SCRIPT_SANDBOXING = YES;
				GCC_C_LANGUAGE_STANDARD = gnu17;
				GCC_DYNAMIC_NO_PIC = NO;
				GCC_NO_COMMON_BLOCKS = YES;
				GCC_OPTIMIZATION_LEVEL = 0;
				GCC_PREPROCESSOR_DEFINITIONS = (
					"DEBUG=1",
					"$(inherited)",
				);
				GCC_WARN_64_TO_32_BIT_CONVERSION = YES;
				GCC_WARN_ABOUT_RETURN_TYPE = YES_ERROR;
				GCC_WARN_UNDECLARED_SELECTOR = YES;
				GCC_WARN_UNINITIALIZED_AUTOS = YES_AGGRESSIVE;
				GCC_WARN_UNUSED_FUNCTION = YES;
				GCC_WARN_UNUSED_VARIABLE = YES;
				IPHONEOS_DEPLOYMENT_TARGET = 17.5;
				LOCALIZATION_PREFERS_STRING_CATALOGS = YES;
				MTL_ENABLE_DEBUG_INFO = INCLUDE_SOURCE;
				MTL_FAST_MATH = YES;
				ONLY_ACTIVE_ARCH = YES;
				SDKROOT = iphoneos;
				SWIFT_ACTIVE_COMPILATION_CONDITIONS = "DEBUG $(inherited)";
				SWIFT_OPTIMIZATION_LEVEL = "-Onone";
			};
			name = Debug;
		};
		84BAADDC2C542F6C00BF56A8 /* Release */ = {
			isa = XCBuildConfiguration;
			buildSettings = {
				ALWAYS_SEARCH_USER_PATHS = NO;
				ASSETCATALOG_COMPILER_GENERATE_SWIFT_ASSET_SYMBOL_EXTENSIONS = YES;
				CLANG_ANALYZER_NONNULL = YES;
				CLANG_ANALYZER_NUMBER_OBJECT_CONVERSION = YES_AGGRESSIVE;
				CLANG_CXX_LANGUAGE_STANDARD = "gnu++20";
				CLANG_ENABLE_MODULES = YES;
				CLANG_ENABLE_OBJC_ARC = YES;
				CLANG_ENABLE_OBJC_WEAK = YES;
				CLANG_WARN_BLOCK_CAPTURE_AUTORELEASING = YES;
				CLANG_WARN_BOOL_CONVERSION = YES;
				CLANG_WARN_COMMA = YES;
				CLANG_WARN_CONSTANT_CONVERSION = YES;
				CLANG_WARN_DEPRECATED_OBJC_IMPLEMENTATIONS = YES;
				CLANG_WARN_DIRECT_OBJC_ISA_USAGE = YES_ERROR;
				CLANG_WARN_DOCUMENTATION_COMMENTS = YES;
				CLANG_WARN_EMPTY_BODY = YES;
				CLANG_WARN_ENUM_CONVERSION = YES;
				CLANG_WARN_INFINITE_RECURSION = YES;
				CLANG_WARN_INT_CONVERSION = YES;
				CLANG_WARN_NON_LITERAL_NULL_CONVERSION = YES;
				CLANG_WARN_OBJC_IMPLICIT_RETAIN_SELF = YES;
				CLANG_WARN_OBJC_LITERAL_CONVERSION = YES;
				CLANG_WARN_OBJC_ROOT_CLASS = YES_ERROR;
				CLANG_WARN_QUOTED_INCLUDE_IN_FRAMEWORK_HEADER = YES;
				CLANG_WARN_RANGE_LOOP_ANALYSIS = YES;
				CLANG_WARN_STRICT_PROTOTYPES = YES;
				CLANG_WARN_SUSPICIOUS_MOVE = YES;
				CLANG_WARN_UNGUARDED_AVAILABILITY = YES_AGGRESSIVE;
				CLANG_WARN_UNREACHABLE_CODE = YES;
				CLANG_WARN__DUPLICATE_METHOD_MATCH = YES;
				COPY_PHASE_STRIP = NO;
				DEBUG_INFORMATION_FORMAT = "dwarf-with-dsym";
				ENABLE_NS_ASSERTIONS = NO;
				ENABLE_STRICT_OBJC_MSGSEND = YES;
				ENABLE_USER_SCRIPT_SANDBOXING = YES;
				GCC_C_LANGUAGE_STANDARD = gnu17;
				GCC_NO_COMMON_BLOCKS = YES;
				GCC_WARN_64_TO_32_BIT_CONVERSION = YES;
				GCC_WARN_ABOUT_RETURN_TYPE = YES_ERROR;
				GCC_WARN_UNDECLARED_SELECTOR = YES;
				GCC_WARN_UNINITIALIZED_AUTOS = YES_AGGRESSIVE;
				GCC_WARN_UNUSED_FUNCTION = YES;
				GCC_WARN_UNUSED_VARIABLE = YES;
				IPHONEOS_DEPLOYMENT_TARGET = 17.5;
				LOCALIZATION_PREFERS_STRING_CATALOGS = YES;
				MTL_ENABLE_DEBUG_INFO = NO;
				MTL_FAST_MATH = YES;
				SDKROOT = iphoneos;
				SWIFT_COMPILATION_MODE = wholemodule;
				VALIDATE_PRODUCT = YES;
			};
			name = Release;
		};
		84BAADDE2C542F6C00BF56A8 /* Debug */ = {
			isa = XCBuildConfiguration;
			buildSettings = {
				ASSETCATALOG_COMPILER_APPICON_NAME = AppIcon;
				ASSETCATALOG_COMPILER_GLOBAL_ACCENT_COLOR_NAME = AccentColor;
				CLANG_ENABLE_MODULES = YES;
				CODE_SIGN_STYLE = Automatic;
				CURRENT_PROJECT_VERSION = 1;
				DEVELOPMENT_ASSET_PATHS = "\"Companion/Preview Content\"";
				DEVELOPMENT_TEAM = 6C9JHYCJPM;
				ENABLE_PREVIEWS = YES;
				GENERATE_INFOPLIST_FILE = YES;
				INFOPLIST_FILE = "";
				INFOPLIST_KEY_UIApplicationSceneManifest_Generation = YES;
				INFOPLIST_KEY_UIApplicationSupportsIndirectInputEvents = YES;
				INFOPLIST_KEY_UILaunchScreen_Generation = YES;
				INFOPLIST_KEY_UISupportedInterfaceOrientations_iPad = "UIInterfaceOrientationPortrait UIInterfaceOrientationPortraitUpsideDown UIInterfaceOrientationLandscapeLeft UIInterfaceOrientationLandscapeRight";
				INFOPLIST_KEY_UISupportedInterfaceOrientations_iPhone = "UIInterfaceOrientationPortrait UIInterfaceOrientationLandscapeLeft UIInterfaceOrientationLandscapeRight";
				LD_RUNPATH_SEARCH_PATHS = (
					"$(inherited)",
					"@executable_path/Frameworks",
				);
				MARKETING_VERSION = 1.0;
				OTHER_LDFLAGS = "-ObjC";
				PRIVATE_HEADERS_FOLDER_PATH = "";
				PRODUCT_BUNDLE_IDENTIFIER = ty.Companion;
				PRODUCT_NAME = "$(TARGET_NAME)";
				PUBLIC_HEADERS_FOLDER_PATH = Companion/Headers;
				SWIFT_EMIT_LOC_STRINGS = YES;
				SWIFT_OBJC_BRIDGING_HEADER = "";
				SWIFT_OPTIMIZATION_LEVEL = "-Onone";
				SWIFT_VERSION = 5.0;
				TARGETED_DEVICE_FAMILY = "1,2";
			};
			name = Debug;
		};
		84BAADDF2C542F6C00BF56A8 /* Release */ = {
			isa = XCBuildConfiguration;
			buildSettings = {
				ASSETCATALOG_COMPILER_APPICON_NAME = AppIcon;
				ASSETCATALOG_COMPILER_GLOBAL_ACCENT_COLOR_NAME = AccentColor;
				CLANG_ENABLE_MODULES = YES;
				CODE_SIGN_STYLE = Automatic;
				CURRENT_PROJECT_VERSION = 1;
				DEVELOPMENT_ASSET_PATHS = "\"Companion/Preview Content\"";
				DEVELOPMENT_TEAM = 6C9JHYCJPM;
				ENABLE_PREVIEWS = YES;
				GENERATE_INFOPLIST_FILE = YES;
				INFOPLIST_FILE = "";
				INFOPLIST_KEY_UIApplicationSceneManifest_Generation = YES;
				INFOPLIST_KEY_UIApplicationSupportsIndirectInputEvents = YES;
				INFOPLIST_KEY_UILaunchScreen_Generation = YES;
				INFOPLIST_KEY_UISupportedInterfaceOrientations_iPad = "UIInterfaceOrientationPortrait UIInterfaceOrientationPortraitUpsideDown UIInterfaceOrientationLandscapeLeft UIInterfaceOrientationLandscapeRight";
				INFOPLIST_KEY_UISupportedInterfaceOrientations_iPhone = "UIInterfaceOrientationPortrait UIInterfaceOrientationLandscapeLeft UIInterfaceOrientationLandscapeRight";
				LD_RUNPATH_SEARCH_PATHS = (
					"$(inherited)",
					"@executable_path/Frameworks",
				);
				MARKETING_VERSION = 1.0;
				OTHER_LDFLAGS = "-ObjC";
				PRIVATE_HEADERS_FOLDER_PATH = "";
				PRODUCT_BUNDLE_IDENTIFIER = ty.Companion;
				PRODUCT_NAME = "$(TARGET_NAME)";
				PUBLIC_HEADERS_FOLDER_PATH = Companion/Headers;
				SWIFT_EMIT_LOC_STRINGS = YES;
				SWIFT_OBJC_BRIDGING_HEADER = "";
				SWIFT_VERSION = 5.0;
				TARGETED_DEVICE_FAMILY = "1,2";
			};
			name = Release;
		};
/* End XCBuildConfiguration section */

/* Begin XCConfigurationList section */
		84BAADCA2C542F6900BF56A8 /* Build configuration list for PBXProject "Companion" */ = {
			isa = XCConfigurationList;
			buildConfigurations = (
				84BAADDB2C542F6C00BF56A8 /* Debug */,
				84BAADDC2C542F6C00BF56A8 /* Release */,
			);
			defaultConfigurationIsVisible = 0;
			defaultConfigurationName = Release;
		};
		84BAADDD2C542F6C00BF56A8 /* Build configuration list for PBXNativeTarget "Companion" */ = {
			isa = XCConfigurationList;
			buildConfigurations = (
				84BAADDE2C542F6C00BF56A8 /* Debug */,
				84BAADDF2C542F6C00BF56A8 /* Release */,
			);
			defaultConfigurationIsVisible = 0;
			defaultConfigurationName = Release;
		};
/* End XCConfigurationList section */
	};
	rootObject = 84BAADC72C542F6900BF56A8 /* Project object */;
}
